
Microsoft Visual Studio Solution File, Format Version 12.00
# Visual Studio Version 17
VisualStudioVersion = 17.0.31611.283
MinimumVisualStudioVersion = 10.0.40219.1
Project("{2150E333-8FDC-42A3-9474-1A3956D46DE8}") = "Services", "Services", "{C36B805A-BE08-4FFA-BCBB-DEE331FDF6D7}"
EndProject
Project("{2150E333-8FDC-42A3-9474-1A3956D46DE8}") = "ApiGateways", "ApiGateways", "{BEF70446-7DBB-4BA5-83FB-1FB778CA4AF0}"
EndProject
Project("{2150E333-8FDC-42A3-9474-1A3956D46DE8}") = "Mobile", "Mobile", "{1DDDD0F4-8A6D-4AF2-B6AB-D33DD5F2085B}"
EndProject
Project("{2150E333-8FDC-42A3-9474-1A3956D46DE8}") = "Web", "Web", "{EB1F7B8F-6D93-43EA-BE2D-A526244D6FF9}"
EndProject
Project("{2150E333-8FDC-42A3-9474-1A3956D46DE8}") = "BuildingBlocks", "BuildingBlocks", "{D46351F8-869C-42EE-A7F2-122CE34B6DE5}"
EndProject
Project("{2150E333-8FDC-42A3-9474-1A3956D46DE8}") = "DailyMotto", "DailyMotto", "{483864AA-B43B-4D4B-87D9-E518EDEBE04B}"
EndProject
Project("{2150E333-8FDC-42A3-9474-1A3956D46DE8}") = "DailyPicture", "DailyPicture", "{95C3BDEC-DE5E-4E7A-8F8D-45363DDBA636}"
EndProject
Project("{2150E333-8FDC-42A3-9474-1A3956D46DE8}") = "DailyNote", "DailyNote", "{309DB37C-40D1-482A-97FB-CC8E8F523A91}"
EndProject
Project("{2150E333-8FDC-42A3-9474-1A3956D46DE8}") = "Identity", "Identity", "{02AEA2DB-BF30-4E20-94F5-D08AE63C2686}"
EndProject
Project("{9A19103F-16F7-4668-BE54-9A1E7A4F7556}") = "LifeNote", "Mobile\LifeNote\LifeNote.csproj", "{E2C28C1D-69DE-4DA4-86E0-CB06D3440A37}"
EndProject
Project("{9A19103F-16F7-4668-BE54-9A1E7A4F7556}") = "Motto.API", "Services\DailyMotto\Motto.API\Motto.API.csproj", "{B93A6786-177F-4C4A-A737-DD31545FF71E}"
EndProject
Project("{9A19103F-16F7-4668-BE54-9A1E7A4F7556}") = "Picture.API", "Services\DailyPicture\Picture.API\Picture.API.csproj", "{31D347F9-F79D-40A6-AA49-8B7D73B8EC6E}"
EndProject
Project("{FAE04EC0-301F-11D3-BF4B-00C04F79EFBC}") = "Note.API", "Services\DailyNote\Note.API\Note.API.csproj", "{9475B220-14D1-435A-8878-B4548D23F43D}"
EndProject
Global
	GlobalSection(SolutionConfigurationPlatforms) = preSolution
		Debug|Any CPU = Debug|Any CPU
		Release|Any CPU = Release|Any CPU
	EndGlobalSection
	GlobalSection(ProjectConfigurationPlatforms) = postSolution
		{E2C28C1D-69DE-4DA4-86E0-CB06D3440A37}.Debug|Any CPU.ActiveCfg = Debug|Any CPU
		{E2C28C1D-69DE-4DA4-86E0-CB06D3440A37}.Debug|Any CPU.Build.0 = Debug|Any CPU
		{E2C28C1D-69DE-4DA4-86E0-CB06D3440A37}.Debug|Any CPU.Deploy.0 = Debug|Any CPU
		{E2C28C1D-69DE-4DA4-86E0-CB06D3440A37}.Release|Any CPU.ActiveCfg = Release|Any CPU
		{E2C28C1D-69DE-4DA4-86E0-CB06D3440A37}.Release|Any CPU.Build.0 = Release|Any CPU
		{E2C28C1D-69DE-4DA4-86E0-CB06D3440A37}.Release|Any CPU.Deploy.0 = Release|Any CPU
		{B93A6786-177F-4C4A-A737-DD31545FF71E}.Debug|Any CPU.ActiveCfg = Debug|Any CPU
		{B93A6786-177F-4C4A-A737-DD31545FF71E}.Debug|Any CPU.Build.0 = Debug|Any CPU
		{B93A6786-177F-4C4A-A737-DD31545FF71E}.Release|Any CPU.ActiveCfg = Release|Any CPU
		{B93A6786-177F-4C4A-A737-DD31545FF71E}.Release|Any CPU.Build.0 = Release|Any CPU
		{31D347F9-F79D-40A6-AA49-8B7D73B8EC6E}.Debug|Any CPU.ActiveCfg = Debug|Any CPU
		{31D347F9-F79D-40A6-AA49-8B7D73B8EC6E}.Debug|Any CPU.Build.0 = Debug|Any CPU
		{31D347F9-F79D-40A6-AA49-8B7D73B8EC6E}.Release|Any CPU.ActiveCfg = Release|Any CPU
		{31D347F9-F79D-40A6-AA49-8B7D73B8EC6E}.Release|Any CPU.Build.0 = Release|Any CPU
		{9475B220-14D1-435A-8878-B4548D23F43D}.Debug|Any CPU.ActiveCfg = Debug|Any CPU
		{9475B220-14D1-435A-8878-B4548D23F43D}.Debug|Any CPU.Build.0 = Debug|Any CPU
		{9475B220-14D1-435A-8878-B4548D23F43D}.Release|Any CPU.ActiveCfg = Release|Any CPU
		{9475B220-14D1-435A-8878-B4548D23F43D}.Release|Any CPU.Build.0 = Release|Any CPU
	EndGlobalSection
	GlobalSection(SolutionProperties) = preSolution
		HideSolutionNode = FALSE
	EndGlobalSection
	GlobalSection(NestedProjects) = preSolution
		{483864AA-B43B-4D4B-87D9-E518EDEBE04B} = {C36B805A-BE08-4FFA-BCBB-DEE331FDF6D7}
		{95C3BDEC-DE5E-4E7A-8F8D-45363DDBA636} = {C36B805A-BE08-4FFA-BCBB-DEE331FDF6D7}
		{309DB37C-40D1-482A-97FB-CC8E8F523A91} = {C36B805A-BE08-4FFA-BCBB-DEE331FDF6D7}
		{02AEA2DB-BF30-4E20-94F5-D08AE63C2686} = {C36B805A-BE08-4FFA-BCBB-DEE331FDF6D7}
		{E2C28C1D-69DE-4DA4-86E0-CB06D3440A37} = {1DDDD0F4-8A6D-4AF2-B6AB-D33DD5F2085B}
		{B93A6786-177F-4C4A-A737-DD31545FF71E} = {483864AA-B43B-4D4B-87D9-E518EDEBE04B}
		{31D347F9-F79D-40A6-AA49-8B7D73B8EC6E} = {95C3BDEC-DE5E-4E7A-8F8D-45363DDBA636}
		{9475B220-14D1-435A-8878-B4548D23F43D} = {309DB37C-40D1-482A-97FB-CC8E8F523A91}
	EndGlobalSection
	GlobalSection(ExtensibilityGlobals) = postSolution
		SolutionGuid = {61F7FB11-1E47-470C-91E2-47F8143E1572}
	EndGlobalSection
EndGlobal
